
Microsoft Visual Studio Solution File, Format Version 12.00
# Visual Studio Version 17
VisualStudioVersion = 17.3.32825.248
MinimumVisualStudioVersion = 10.0.40219.1
Project("{9A19103F-16F7-4668-BE54-9A1E7A4F7556}") = "calling db api", "calling db api.csproj", "{2536ACD0-4D3C-47DC-B5D3-29D0EAF639DF}"
EndProject
Project("{FAE04EC0-301F-11D3-BF4B-00C04F79EFBC}") = "calling ab api.test", "..\calling ab api.test\calling ab api.test.csproj", "{37A9071C-06E8-4582-8E57-E2558603277F}"
EndProject
Global
	GlobalSection(SolutionConfigurationPlatforms) = preSolution
		Debug|Any CPU = Debug|Any CPU
		Release|Any CPU = Release|Any CPU
	EndGlobalSection
	GlobalSection(ProjectConfigurationPlatforms) = postSolution
		{2536ACD0-4D3C-47DC-B5D3-29D0EAF639DF}.Debug|Any CPU.ActiveCfg = Debug|Any CPU
		{2536ACD0-4D3C-47DC-B5D3-29D0EAF639DF}.Debug|Any CPU.Build.0 = Debug|Any CPU
		{2536ACD0-4D3C-47DC-B5D3-29D0EAF639DF}.Release|Any CPU.ActiveCfg = Release|Any CPU
		{2536ACD0-4D3C-47DC-B5D3-29D0EAF639DF}.Release|Any CPU.Build.0 = Release|Any CPU
		{37A9071C-06E8-4582-8E57-E2558603277F}.Debug|Any CPU.ActiveCfg = Debug|Any CPU
		{37A9071C-06E8-4582-8E57-E2558603277F}.Debug|Any CPU.Build.0 = Debug|Any CPU
		{37A9071C-06E8-4582-8E57-E2558603277F}.Release|Any CPU.ActiveCfg = Release|Any CPU
		{37A9071C-06E8-4582-8E57-E2558603277F}.Release|Any CPU.Build.0 = Release|Any CPU
	EndGlobalSection
	GlobalSection(SolutionProperties) = preSolution
		HideSolutionNode = FALSE
	EndGlobalSection
	GlobalSection(ExtensibilityGlobals) = postSolution
		SolutionGuid = {E5FA77C3-EE7F-4234-9038-66D6C34B7577}
	EndGlobalSection
EndGlobal
